
Microsoft Visual Studio Solution File, Format Version 12.00
# Visual Studio 2012
Project("{8BC9CEB8-8B4A-11D0-8D11-00A0C91BC942}") = "ConsoleApplication1", "ConsoleApplication1\ConsoleApplication1.vcxproj", "{0D7DAA4B-863B-4569-B5F1-B320D6F8BC54}"
EndProject
Global
	GlobalSection(SolutionConfigurationPlatforms) = preSolution
		Debug|Win32 = Debug|Win32
		Release|Win32 = Release|Win32
	EndGlobalSection
	GlobalSection(ProjectConfigurationPlatforms) = postSolution
		{0D7DAA4B-863B-4569-B5F1-B320D6F8BC54}.Debug|Win32.ActiveCfg = Debug|Win32
		{0D7DAA4B-863B-4569-B5F1-B320D6F8BC54}.Debug|Win32.Build.0 = Debug|Win32
		{0D7DAA4B-863B-4569-B5F1-B320D6F8BC54}.Release|Win32.ActiveCfg = Release|Win32
		{0D7DAA4B-863B-4569-B5F1-B320D6F8BC54}.Release|Win32.Build.0 = Release|Win32
	EndGlobalSection
	GlobalSection(SolutionProperties) = preSolution
		HideSolutionNode = FALSE
	EndGlobalSection
EndGlobal
